
Microsoft Visual Studio Solution File, Format Version 12.00
# Visual Studio Version 17
VisualStudioVersion = 17.2.32505.173
MinimumVisualStudioVersion = 10.0.40219.1
Project("{FAE04EC0-301F-11D3-BF4B-00C04F79EFBC}") = "Employee.Api", "Employee.Api\Employee.Api.csproj", "{5448779E-08A1-4CF5-A293-A8BF2A174574}"
EndProject
Global
	GlobalSection(SolutionConfigurationPlatforms) = preSolution
		Debug|Any CPU = Debug|Any CPU
		Release|Any CPU = Release|Any CPU
	EndGlobalSection
	GlobalSection(ProjectConfigurationPlatforms) = postSolution
		{5448779E-08A1-4CF5-A293-A8BF2A174574}.Debug|Any CPU.ActiveCfg = Debug|Any CPU
		{5448779E-08A1-4CF5-A293-A8BF2A174574}.Debug|Any CPU.Build.0 = Debug|Any CPU
		{5448779E-08A1-4CF5-A293-A8BF2A174574}.Release|Any CPU.ActiveCfg = Release|Any CPU
		{5448779E-08A1-4CF5-A293-A8BF2A174574}.Release|Any CPU.Build.0 = Release|Any CPU
	EndGlobalSection
	GlobalSection(SolutionProperties) = preSolution
		HideSolutionNode = FALSE
	EndGlobalSection
	GlobalSection(ExtensibilityGlobals) = postSolution
		SolutionGuid = {AF07BEC9-C0D8-4482-8771-0E2E681CF04A}
	EndGlobalSection
EndGlobal
